
Microsoft Visual Studio Solution File, Format Version 12.00
# Visual Studio 15
VisualStudioVersion = 15.0.27130.2010
MinimumVisualStudioVersion = 10.0.40219.1
Project("{FAE04EC0-301F-11D3-BF4B-00C04F79EFBC}") = "TallGuy", "TallGuy\TallGuy.csproj", "{731B7E43-82E0-42E9-9139-ED2B43C4CE57}"
EndProject
Global
	GlobalSection(SolutionConfigurationPlatforms) = preSolution
		Debug|Any CPU = Debug|Any CPU
		Release|Any CPU = Release|Any CPU
	EndGlobalSection
	GlobalSection(ProjectConfigurationPlatforms) = postSolution
		{731B7E43-82E0-42E9-9139-ED2B43C4CE57}.Debug|Any CPU.ActiveCfg = Debug|Any CPU
		{731B7E43-82E0-42E9-9139-ED2B43C4CE57}.Debug|Any CPU.Build.0 = Debug|Any CPU
		{731B7E43-82E0-42E9-9139-ED2B43C4CE57}.Release|Any CPU.ActiveCfg = Release|Any CPU
		{731B7E43-82E0-42E9-9139-ED2B43C4CE57}.Release|Any CPU.Build.0 = Release|Any CPU
	EndGlobalSection
	GlobalSection(SolutionProperties) = preSolution
		HideSolutionNode = FALSE
	EndGlobalSection
	GlobalSection(ExtensibilityGlobals) = postSolution
		SolutionGuid = {B17AE5BD-FB88-4FE6-BEA1-89CDEF03B867}
	EndGlobalSection
EndGlobal
